
Microsoft Visual Studio Solution File, Format Version 12.00
# Visual Studio Version 17
VisualStudioVersion = 17.3.32901.215
MinimumVisualStudioVersion = 10.0.40219.1
Project("{FAE04EC0-301F-11D3-BF4B-00C04F79EFBC}") = "Libe_Escriptori", "Libe_Escriptori\Libe_Escriptori.csproj", "{213382A0-5B93-492E-9BA1-0640B808D6B8}"
EndProject
Global
	GlobalSection(SolutionConfigurationPlatforms) = preSolution
		Debug|Any CPU = Debug|Any CPU
		Release|Any CPU = Release|Any CPU
	EndGlobalSection
	GlobalSection(ProjectConfigurationPlatforms) = postSolution
		{213382A0-5B93-492E-9BA1-0640B808D6B8}.Debug|Any CPU.ActiveCfg = Debug|Any CPU
		{213382A0-5B93-492E-9BA1-0640B808D6B8}.Debug|Any CPU.Build.0 = Debug|Any CPU
		{213382A0-5B93-492E-9BA1-0640B808D6B8}.Release|Any CPU.ActiveCfg = Release|Any CPU
		{213382A0-5B93-492E-9BA1-0640B808D6B8}.Release|Any CPU.Build.0 = Release|Any CPU
	EndGlobalSection
	GlobalSection(SolutionProperties) = preSolution
		HideSolutionNode = FALSE
	EndGlobalSection
	GlobalSection(ExtensibilityGlobals) = postSolution
		SolutionGuid = {72B5DCD0-DC35-4A82-B789-5BC6C90D7A88}
	EndGlobalSection
EndGlobal
